Microsoft Visual Studio Solution File, Format Version 12.00
# Visual Studio Version 17
VisualStudioVersion = 17.5.2.0
MinimumVisualStudioVersion = 10.0.40219.1
Project("{FAE04EC0-301F-11D3-BF4B-00C04F79EFBC}") = "Texrazr", "Texrazr.csproj", "{570CEB5D-C166-250E-4349-24EF2575DF46}"
EndProject
Global
	GlobalSection(SolutionConfigurationPlatforms) = preSolution
		Debug|Any CPU = Debug|Any CPU
		Release|Any CPU = Release|Any CPU
	EndGlobalSection
	GlobalSection(ProjectConfigurationPlatforms) = postSolution
		{570CEB5D-C166-250E-4349-24EF2575DF46}.Debug|Any CPU.ActiveCfg = Debug|Any CPU
		{570CEB5D-C166-250E-4349-24EF2575DF46}.Debug|Any CPU.Build.0 = Debug|Any CPU
		{570CEB5D-C166-250E-4349-24EF2575DF46}.Release|Any CPU.ActiveCfg = Release|Any CPU
		{570CEB5D-C166-250E-4349-24EF2575DF46}.Release|Any CPU.Build.0 = Release|Any CPU
	EndGlobalSection
	GlobalSection(SolutionProperties) = preSolution
		HideSolutionNode = FALSE
	EndGlobalSection
	GlobalSection(ExtensibilityGlobals) = postSolution
		SolutionGuid = {782FFEC2-1AC1-49AC-B8AE-7B7F13281913}
	EndGlobalSection
EndGlobal
